
Microsoft Visual Studio Solution File, Format Version 12.00
# Visual Studio 14
VisualStudioVersion = 14.0.25420.1
MinimumVisualStudioVersion = 10.0.40219.1
Project("{FAE04EC0-301F-11D3-BF4B-00C04F79EFBC}") = "Perfmon", "Perfmon\Perfmon.csproj", "{480BB54E-D70E-4BE2-BF9E-CAF5D909B41D}"
EndProject
Project("{FAE04EC0-301F-11D3-BF4B-00C04F79EFBC}") = "PerfmonServiceLibrary", "PerfmonServiceLibrary\PerfmonServiceLibrary.csproj", "{7AE496EF-66CE-45FC-8591-6A17500E0EAF}"
EndProject
Project("{FAE04EC0-301F-11D3-BF4B-00C04F79EFBC}") = "PerfmonServiceHost", "PerfmonServiceHost\PerfmonServiceHost.csproj", "{C2F50DF0-07F8-40B3-8C5F-F7552575CD08}"
EndProject
Project("{FAE04EC0-301F-11D3-BF4B-00C04F79EFBC}") = "PerfmonClient", "PerfmonClient\PerfmonClient.csproj", "{FA7F14E0-7B35-4863-8B94-4AECF8B3F7C8}"
	ProjectSection(ProjectDependencies) = postProject
		{7AE496EF-66CE-45FC-8591-6A17500E0EAF} = {7AE496EF-66CE-45FC-8591-6A17500E0EAF}
	EndProjectSection
EndProject
Global
	GlobalSection(SolutionConfigurationPlatforms) = preSolution
		Debug|Any CPU = Debug|Any CPU
		Release|Any CPU = Release|Any CPU
	EndGlobalSection
	GlobalSection(ProjectConfigurationPlatforms) = postSolution
		{480BB54E-D70E-4BE2-BF9E-CAF5D909B41D}.Debug|Any CPU.ActiveCfg = Debug|Any CPU
		{480BB54E-D70E-4BE2-BF9E-CAF5D909B41D}.Debug|Any CPU.Build.0 = Debug|Any CPU
		{480BB54E-D70E-4BE2-BF9E-CAF5D909B41D}.Release|Any CPU.ActiveCfg = Release|Any CPU
		{480BB54E-D70E-4BE2-BF9E-CAF5D909B41D}.Release|Any CPU.Build.0 = Release|Any CPU
		{7AE496EF-66CE-45FC-8591-6A17500E0EAF}.Debug|Any CPU.ActiveCfg = Debug|Any CPU
		{7AE496EF-66CE-45FC-8591-6A17500E0EAF}.Debug|Any CPU.Build.0 = Debug|Any CPU
		{7AE496EF-66CE-45FC-8591-6A17500E0EAF}.Release|Any CPU.ActiveCfg = Release|Any CPU
		{7AE496EF-66CE-45FC-8591-6A17500E0EAF}.Release|Any CPU.Build.0 = Release|Any CPU
		{C2F50DF0-07F8-40B3-8C5F-F7552575CD08}.Debug|Any CPU.ActiveCfg = Debug|Any CPU
		{C2F50DF0-07F8-40B3-8C5F-F7552575CD08}.Debug|Any CPU.Build.0 = Debug|Any CPU
		{C2F50DF0-07F8-40B3-8C5F-F7552575CD08}.Release|Any CPU.ActiveCfg = Release|Any CPU
		{C2F50DF0-07F8-40B3-8C5F-F7552575CD08}.Release|Any CPU.Build.0 = Release|Any CPU
		{FA7F14E0-7B35-4863-8B94-4AECF8B3F7C8}.Debug|Any CPU.ActiveCfg = Debug|Any CPU
		{FA7F14E0-7B35-4863-8B94-4AECF8B3F7C8}.Debug|Any CPU.Build.0 = Debug|Any CPU
		{FA7F14E0-7B35-4863-8B94-4AECF8B3F7C8}.Release|Any CPU.ActiveCfg = Release|Any CPU
		{FA7F14E0-7B35-4863-8B94-4AECF8B3F7C8}.Release|Any CPU.Build.0 = Release|Any CPU
	EndGlobalSection
	GlobalSection(SolutionProperties) = preSolution
		HideSolutionNode = FALSE
	EndGlobalSection
EndGlobal
