
Microsoft Visual Studio Solution File, Format Version 12.00
# Visual Studio 14
VisualStudioVersion = 14.0.25420.1
MinimumVisualStudioVersion = 10.0.40219.1
Project("{FAE04EC0-301F-11D3-BF4B-00C04F79EFBC}") = "PerfmonServiceLibrary", "PerfmonServiceLibrary\PerfmonServiceLibrary.csproj", "{7AE496EF-66CE-45FC-8591-6A17500E0EAF}"
EndProject
Project("{FAE04EC0-301F-11D3-BF4B-00C04F79EFBC}") = "PerfmonServiceHost", "PerfmonServiceHost\PerfmonServiceHost.csproj", "{C2F50DF0-07F8-40B3-8C5F-F7552575CD08}"
EndProject
Project("{FAE04EC0-301F-11D3-BF4B-00C04F79EFBC}") = "PerfmonClient", "PerfmonClient\PerfmonClient.csproj", "{A67081F2-98CC-4F58-A2DF-7560135F5A1B}"
EndProject
Project("{FAE04EC0-301F-11D3-BF4B-00C04F79EFBC}") = "PerfmonTestClient", "PerfmonTestClient\PerfmonTestClient.csproj", "{888F1D25-7979-4B24-8896-C3D65DA9605B}"
EndProject
Project("{FAE04EC0-301F-11D3-BF4B-00C04F79EFBC}") = "PerfmonServiceWindows", "PerfmonServiceWindows\PerfmonServiceWindows.csproj", "{F5C3DEAF-8A27-4ADA-9970-184D2AD180CC}"
EndProject
Global
	GlobalSection(SolutionConfigurationPlatforms) = preSolution
		Debug|Any CPU = Debug|Any CPU
		Release|Any CPU = Release|Any CPU
	EndGlobalSection
	GlobalSection(ProjectConfigurationPlatforms) = postSolution
		{7AE496EF-66CE-45FC-8591-6A17500E0EAF}.Debug|Any CPU.ActiveCfg = Debug|Any CPU
		{7AE496EF-66CE-45FC-8591-6A17500E0EAF}.Debug|Any CPU.Build.0 = Debug|Any CPU
		{7AE496EF-66CE-45FC-8591-6A17500E0EAF}.Release|Any CPU.ActiveCfg = Release|Any CPU
		{7AE496EF-66CE-45FC-8591-6A17500E0EAF}.Release|Any CPU.Build.0 = Release|Any CPU
		{C2F50DF0-07F8-40B3-8C5F-F7552575CD08}.Debug|Any CPU.ActiveCfg = Debug|Any CPU
		{C2F50DF0-07F8-40B3-8C5F-F7552575CD08}.Debug|Any CPU.Build.0 = Debug|Any CPU
		{C2F50DF0-07F8-40B3-8C5F-F7552575CD08}.Release|Any CPU.ActiveCfg = Release|Any CPU
		{C2F50DF0-07F8-40B3-8C5F-F7552575CD08}.Release|Any CPU.Build.0 = Release|Any CPU
		{A67081F2-98CC-4F58-A2DF-7560135F5A1B}.Debug|Any CPU.ActiveCfg = Debug|Any CPU
		{A67081F2-98CC-4F58-A2DF-7560135F5A1B}.Debug|Any CPU.Build.0 = Debug|Any CPU
		{A67081F2-98CC-4F58-A2DF-7560135F5A1B}.Release|Any CPU.ActiveCfg = Release|Any CPU
		{A67081F2-98CC-4F58-A2DF-7560135F5A1B}.Release|Any CPU.Build.0 = Release|Any CPU
		{888F1D25-7979-4B24-8896-C3D65DA9605B}.Debug|Any CPU.ActiveCfg = Debug|Any CPU
		{888F1D25-7979-4B24-8896-C3D65DA9605B}.Debug|Any CPU.Build.0 = Debug|Any CPU
		{888F1D25-7979-4B24-8896-C3D65DA9605B}.Release|Any CPU.ActiveCfg = Release|Any CPU
		{888F1D25-7979-4B24-8896-C3D65DA9605B}.Release|Any CPU.Build.0 = Release|Any CPU
		{F5C3DEAF-8A27-4ADA-9970-184D2AD180CC}.Debug|Any CPU.ActiveCfg = Debug|Any CPU
		{F5C3DEAF-8A27-4ADA-9970-184D2AD180CC}.Debug|Any CPU.Build.0 = Debug|Any CPU
		{F5C3DEAF-8A27-4ADA-9970-184D2AD180CC}.Release|Any CPU.ActiveCfg = Release|Any CPU
		{F5C3DEAF-8A27-4ADA-9970-184D2AD180CC}.Release|Any CPU.Build.0 = Release|Any CPU
	EndGlobalSection
	GlobalSection(SolutionProperties) = preSolution
		HideSolutionNode = FALSE
	EndGlobalSection
EndGlobal
